
Microsoft Visual Studio Solution File, Format Version 12.00
# Visual Studio Version 16
VisualStudioVersion = 16.0.32428.217
MinimumVisualStudioVersion = 10.0.40219.1
Project("{FAE04EC0-301F-11D3-BF4B-00C04F79EFBC}") = "Affiche_Theatre_0", "Affiche_Theatre_0\Affiche_Theatre_0.csproj", "{BB0E94A0-DEA5-4699-AF7B-8E4EFF881831}"
EndProject
Global
	GlobalSection(SolutionConfigurationPlatforms) = preSolution
		Debug|Any CPU = Debug|Any CPU
		Release|Any CPU = Release|Any CPU
	EndGlobalSection
	GlobalSection(ProjectConfigurationPlatforms) = postSolution
		{BB0E94A0-DEA5-4699-AF7B-8E4EFF881831}.Debug|Any CPU.ActiveCfg = Debug|Any CPU
		{BB0E94A0-DEA5-4699-AF7B-8E4EFF881831}.Debug|Any CPU.Build.0 = Debug|Any CPU
		{BB0E94A0-DEA5-4699-AF7B-8E4EFF881831}.Release|Any CPU.ActiveCfg = Release|Any CPU
		{BB0E94A0-DEA5-4699-AF7B-8E4EFF881831}.Release|Any CPU.Build.0 = Release|Any CPU
	EndGlobalSection
	GlobalSection(SolutionProperties) = preSolution
		HideSolutionNode = FALSE
	EndGlobalSection
	GlobalSection(ExtensibilityGlobals) = postSolution
		SolutionGuid = {D789921E-18A3-4AD3-BB39-7A7743386867}
	EndGlobalSection
EndGlobal
